
Microsoft Visual Studio Solution File, Format Version 12.00
# Visual Studio Version 16
VisualStudioVersion = 16.0.30611.23
MinimumVisualStudioVersion = 10.0.40219.1
Project("{FAE04EC0-301F-11D3-BF4B-00C04F79EFBC}") = "ExercicioAula60", "ExercicioAula60.csproj", "{26BDF7A5-B7E2-4260-BE66-838ECF013CE8}"
EndProject
Global
	GlobalSection(SolutionConfigurationPlatforms) = preSolution
		Debug|Any CPU = Debug|Any CPU
		Release|Any CPU = Release|Any CPU
	EndGlobalSection
	GlobalSection(ProjectConfigurationPlatforms) = postSolution
		{26BDF7A5-B7E2-4260-BE66-838ECF013CE8}.Debug|Any CPU.ActiveCfg = Debug|Any CPU
		{26BDF7A5-B7E2-4260-BE66-838ECF013CE8}.Debug|Any CPU.Build.0 = Debug|Any CPU
		{26BDF7A5-B7E2-4260-BE66-838ECF013CE8}.Release|Any CPU.ActiveCfg = Release|Any CPU
		{26BDF7A5-B7E2-4260-BE66-838ECF013CE8}.Release|Any CPU.Build.0 = Release|Any CPU
	EndGlobalSection
	GlobalSection(SolutionProperties) = preSolution
		HideSolutionNode = FALSE
	EndGlobalSection
	GlobalSection(ExtensibilityGlobals) = postSolution
		SolutionGuid = {DD401E17-24DB-4B4C-8EFF-80DB4D6482F5}
	EndGlobalSection
EndGlobal
